{
  "version": 4,
  "terraform_version": "1.5.0",
  "serial": 9,
  "lineage": "3ea47291-6ba7-36de-cc75-128b58885b67",
  "outputs": {
    "webapp_ips": {
      "value": "20.4.155.182,20.4.155.193,20.4.156.16,20.4.156.74,20.4.156.185,20.4.156.228,20.4.153.241,20.4.153.250,20.4.153.255,20.4.154.22,20.4.154.41,20.4.154.46,20.105.232.42",
      "type": "string"
    },
    "webapp_url": {
      "value": "kpecev-contacts-webapp.azurewebsites.net",
      "type": "string"
    }
  },
  "resources": [
    {
      "mode": "managed",
      "type": "azurerm_app_service_source_control",
      "name": "sourcecontrol",
      "provider": "provider[\"registry.terraform.io/hashicorp/azurerm\"]",
      "instances": [
        {
          "schema_version": 0,
          "attributes": {
            "app_id": "/subscriptions/cd84b16c-9065-4bbb-8544-171b7ed161bf/resourceGroups/KPecevContactsAppRG/providers/Microsoft.Web/sites/kpecev-contacts-webapp",
            "branch": "main",
            "github_action_configuration": [],
            "id": "/subscriptions/cd84b16c-9065-4bbb-8544-171b7ed161bf/resourceGroups/KPecevContactsAppRG/providers/Microsoft.Web/sites/kpecev-contacts-webapp",
            "repo_url": "https://github.com/KirilPecev/SoftUni-Exam-Contacts",
            "rollback_enabled": false,
            "scm_type": "ExternalGit",
            "timeouts": null,
            "use_local_git": false,
            "use_manual_integration": true,
            "use_mercurial": false,
            "uses_github_action": false
          },
          "sensitive_attributes": [],
          "private": "eyJlMmJmYjczMC1lY2FhLTExZTYtOGY4OC0zNDM2M2JjN2M0YzAiOnsiY3JlYXRlIjoxODAwMDAwMDAwMDAwLCJkZWxldGUiOjE4MDAwMDAwMDAwMDAsInJlYWQiOjMwMDAwMDAwMDAwMH19",
          "dependencies": [
            "azurerm_linux_web_app.webapp",
            "azurerm_mssql_server.sql",
            "azurerm_resource_group.rg",
            "azurerm_service_plan.sp",
            "random_integer.ri"
          ]
        }
      ]
    },
    {
      "mode": "managed",
      "type": "azurerm_linux_web_app",
      "name": "webapp",
      "provider": "provider[\"registry.terraform.io/hashicorp/azurerm\"]",
      "instances": [
        {
          "schema_version": 0,
          "attributes": {
            "app_settings": null,
            "auth_settings": [],
            "auth_settings_v2": [],
            "backup": [],
            "client_affinity_enabled": false,
            "client_certificate_enabled": false,
            "client_certificate_exclusion_paths": "",
            "client_certificate_mode": "Required",
            "connection_string": [
              {
                "name": "DefaultConnection",
                "type": "SQLAzure",
                "value": "Data Source=tcp:kpecev-contacts-sqlserver-53354.database.windows.net,1433;Initial Catalog=kpecev-contacts-sqlserver-53354;User Id=4dm1n157r470r;Password=4-v3ry-53cr37-p455w0rd;Trusted_Connection=False;MultipleActiveResultSets=True;"
              }
            ],
            "custom_domain_verification_id": "394A30CAA3A959D98EC975B050E0F894F6AAC978ED4ED5EBC90CB07230A0E0D6",
            "default_hostname": "kpecev-contacts-webapp.azurewebsites.net",
            "enabled": true,
            "hosting_environment_id": "",
            "https_only": false,
            "id": "/subscriptions/cd84b16c-9065-4bbb-8544-171b7ed161bf/resourceGroups/KPecevContactsAppRG/providers/Microsoft.Web/sites/kpecev-contacts-webapp",
            "identity": [],
            "key_vault_reference_identity_id": "SystemAssigned",
            "kind": "app,linux",
            "location": "westeurope",
            "logs": [],
            "name": "kpecev-contacts-webapp",
            "outbound_ip_address_list": [
              "20.4.155.182",
              "20.4.155.193",
              "20.4.156.16",
              "20.4.156.74",
              "20.4.156.185",
              "20.4.156.228",
              "20.4.153.241",
              "20.4.153.250",
              "20.4.153.255",
              "20.4.154.22",
              "20.4.154.41",
              "20.4.154.46",
              "20.105.232.42"
            ],
            "outbound_ip_addresses": "20.4.155.182,20.4.155.193,20.4.156.16,20.4.156.74,20.4.156.185,20.4.156.228,20.4.153.241,20.4.153.250,20.4.153.255,20.4.154.22,20.4.154.41,20.4.154.46,20.105.232.42",
            "possible_outbound_ip_address_list": [
              "20.4.155.182",
              "20.4.155.193",
              "20.4.156.16",
              "20.4.156.74",
              "20.4.156.185",
              "20.4.156.228",
              "20.4.153.241",
              "20.4.153.250",
              "20.4.153.255",
              "20.4.154.22",
              "20.4.154.41",
              "20.4.154.46",
              "20.4.154.52",
              "20.4.154.140",
              "20.4.154.181",
              "20.23.163.147",
              "20.4.154.190",
              "20.4.154.203",
              "20.4.154.227",
              "20.4.155.19",
              "20.4.155.122",
              "20.4.155.124",
              "20.4.155.133",
              "20.4.155.138",
              "20.4.155.182",
              "20.4.155.193",
              "20.4.156.16",
              "20.4.156.74",
              "20.4.156.185",
              "20.4.156.228",
              "20.4.157.53",
              "20.4.157.109",
              "20.4.157.128",
              "20.4.157.185",
              "20.4.157.217",
              "20.4.158.126",
              "20.105.232.42"
            ],
            "possible_outbound_ip_addresses": "20.4.155.182,20.4.155.193,20.4.156.16,20.4.156.74,20.4.156.185,20.4.156.228,20.4.153.241,20.4.153.250,20.4.153.255,20.4.154.22,20.4.154.41,20.4.154.46,20.4.154.52,20.4.154.140,20.4.154.181,20.23.163.147,20.4.154.190,20.4.154.203,20.4.154.227,20.4.155.19,20.4.155.122,20.4.155.124,20.4.155.133,20.4.155.138,20.4.155.182,20.4.155.193,20.4.156.16,20.4.156.74,20.4.156.185,20.4.156.228,20.4.157.53,20.4.157.109,20.4.157.128,20.4.157.185,20.4.157.217,20.4.158.126,20.105.232.42",
            "resource_group_name": "KPecevContactsAppRG",
            "service_plan_id": "/subscriptions/cd84b16c-9065-4bbb-8544-171b7ed161bf/resourceGroups/KPecevContactsAppRG/providers/Microsoft.Web/serverfarms/kpecev-contacts-53354",
            "site_config": [
              {
                "always_on": false,
                "api_definition_url": "",
                "api_management_api_id": "",
                "app_command_line": "",
                "application_stack": [
                  {
                    "docker_image": "",
                    "docker_image_tag": "",
                    "dotnet_version": "6.0",
                    "go_version": "",
                    "java_server": "",
                    "java_server_version": "",
                    "java_version": "",
                    "node_version": "",
                    "php_version": "",
                    "python_version": "",
                    "ruby_version": ""
                  }
                ],
                "auto_heal_enabled": false,
                "auto_heal_setting": [],
                "container_registry_managed_identity_client_id": "",
                "container_registry_use_managed_identity": false,
                "cors": [],
                "default_documents": [
                  "Default.htm",
                  "Default.html",
                  "Default.asp",
                  "index.htm",
                  "index.html",
                  "iisstart.htm",
                  "default.aspx",
                  "index.php",
                  "hostingstart.html"
                ],
                "detailed_error_logging_enabled": false,
                "ftps_state": "Disabled",
                "health_check_eviction_time_in_min": 0,
                "health_check_path": "",
                "http2_enabled": false,
                "ip_restriction": [],
                "linux_fx_version": "DOTNETCORE|6.0",
                "load_balancing_mode": "LeastRequests",
                "local_mysql_enabled": false,
                "managed_pipeline_mode": "Integrated",
                "minimum_tls_version": "1.2",
                "remote_debugging_enabled": false,
                "remote_debugging_version": "VS2019",
                "scm_ip_restriction": [],
                "scm_minimum_tls_version": "1.2",
                "scm_type": "None",
                "scm_use_main_ip_restriction": false,
                "use_32_bit_worker": true,
                "vnet_route_all_enabled": false,
                "websockets_enabled": false,
                "worker_count": 1
              }
            ],
            "site_credential": [
              {
                "name": "$kpecev-contacts-webapp",
                "password": "G0Av3wLddgXX9ddFe8ixWijkgKexkwu8npH7Cu6Q4lWe3xmf11HpM2gpjWP4"
              }
            ],
            "sticky_settings": [],
            "storage_account": [],
            "tags": null,
            "timeouts": null,
            "virtual_network_subnet_id": "",
            "zip_deploy_file": ""
          },
          "sensitive_attributes": [
            [
              {
                "type": "get_attr",
                "value": "connection_string"
              }
            ]
          ],
          "private": "eyJlMmJmYjczMC1lY2FhLTExZTYtOGY4OC0zNDM2M2JjN2M0YzAiOnsiY3JlYXRlIjoxODAwMDAwMDAwMDAwLCJkZWxldGUiOjE4MDAwMDAwMDAwMDAsInJlYWQiOjMwMDAwMDAwMDAwMCwidXBkYXRlIjoxODAwMDAwMDAwMDAwfX0=",
          "dependencies": [
            "azurerm_mssql_server.sql",
            "azurerm_resource_group.rg",
            "azurerm_service_plan.sp",
            "random_integer.ri"
          ]
        }
      ]
    },
    {
      "mode": "managed",
      "type": "azurerm_mssql_database",
      "name": "db",
      "provider": "provider[\"registry.terraform.io/hashicorp/azurerm\"]",
      "instances": [
        {
          "schema_version": 1,
          "attributes": {
            "auto_pause_delay_in_minutes": 0,
            "collation": "SQL_Latin1_General_CP1_CI_AS",
            "create_mode": "Default",
            "creation_source_database_id": null,
            "elastic_pool_id": "",
            "geo_backup_enabled": true,
            "id": "/subscriptions/cd84b16c-9065-4bbb-8544-171b7ed161bf/resourceGroups/KPecevContactsAppRG/providers/Microsoft.Sql/servers/kpecev-contacts-sqlserver-53354/databases/kpecev-contacts-db-53354",
            "import": [],
            "ledger_enabled": false,
            "license_type": "LicenseIncluded",
            "long_term_retention_policy": [
              {
                "monthly_retention": "PT0S",
                "week_of_year": 1,
                "weekly_retention": "PT0S",
                "yearly_retention": "PT0S"
              }
            ],
            "maintenance_configuration_name": "SQL_Default",
            "max_size_gb": 250,
            "min_capacity": 0,
            "name": "kpecev-contacts-db-53354",
            "read_replica_count": 0,
            "read_scale": false,
            "recover_database_id": null,
            "restore_dropped_database_id": null,
            "restore_point_in_time": null,
            "sample_name": null,
            "server_id": "/subscriptions/cd84b16c-9065-4bbb-8544-171b7ed161bf/resourceGroups/KPecevContactsAppRG/providers/Microsoft.Sql/servers/kpecev-contacts-sqlserver-53354",
            "short_term_retention_policy": [
              {
                "backup_interval_in_hours": 24,
                "retention_days": 7
              }
            ],
            "sku_name": "S0",
            "storage_account_type": "Geo",
            "tags": null,
            "threat_detection_policy": [
              {
                "disabled_alerts": [],
                "email_account_admins": "Disabled",
                "email_addresses": [],
                "retention_days": 0,
                "state": "Disabled",
                "storage_account_access_key": "",
                "storage_endpoint": ""
              }
            ],
            "timeouts": null,
            "transparent_data_encryption_enabled": true,
            "zone_redundant": false
          },
          "sensitive_attributes": [],
          "private": "eyJlMmJmYjczMC1lY2FhLTExZTYtOGY4OC0zNDM2M2JjN2M0YzAiOnsiY3JlYXRlIjozNjAwMDAwMDAwMDAwLCJkZWxldGUiOjM2MDAwMDAwMDAwMDAsInJlYWQiOjMwMDAwMDAwMDAwMCwidXBkYXRlIjozNjAwMDAwMDAwMDAwfSwic2NoZW1hX3ZlcnNpb24iOiIxIn0=",
          "dependencies": [
            "azurerm_mssql_server.sql",
            "azurerm_resource_group.rg",
            "random_integer.ri"
          ]
        }
      ]
    },
    {
      "mode": "managed",
      "type": "azurerm_mssql_firewall_rule",
      "name": "firewall",
      "provider": "provider[\"registry.terraform.io/hashicorp/azurerm\"]",
      "instances": [
        {
          "schema_version": 0,
          "attributes": {
            "end_ip_address": "0.0.0.0",
            "id": "/subscriptions/cd84b16c-9065-4bbb-8544-171b7ed161bf/resourceGroups/KPecevContactsAppRG/providers/Microsoft.Sql/servers/kpecev-contacts-sqlserver-53354/firewallRules/FirewallRule1",
            "name": "FirewallRule1",
            "server_id": "/subscriptions/cd84b16c-9065-4bbb-8544-171b7ed161bf/resourceGroups/KPecevContactsAppRG/providers/Microsoft.Sql/servers/kpecev-contacts-sqlserver-53354",
            "start_ip_address": "0.0.0.0",
            "timeouts": null
          },
          "sensitive_attributes": [],
          "private": "eyJlMmJmYjczMC1lY2FhLTExZTYtOGY4OC0zNDM2M2JjN2M0YzAiOnsiY3JlYXRlIjoxODAwMDAwMDAwMDAwLCJkZWxldGUiOjE4MDAwMDAwMDAwMDAsInJlYWQiOjMwMDAwMDAwMDAwMCwidXBkYXRlIjoxODAwMDAwMDAwMDAwfX0=",
          "dependencies": [
            "azurerm_mssql_server.sql",
            "azurerm_resource_group.rg",
            "random_integer.ri"
          ]
        }
      ]
    },
    {
      "mode": "managed",
      "type": "azurerm_mssql_server",
      "name": "sql",
      "provider": "provider[\"registry.terraform.io/hashicorp/azurerm\"]",
      "instances": [
        {
          "schema_version": 0,
          "attributes": {
            "administrator_login": "4dm1n157r470r",
            "administrator_login_password": "4-v3ry-53cr37-p455w0rd",
            "azuread_administrator": [],
            "connection_policy": "Default",
            "fully_qualified_domain_name": "kpecev-contacts-sqlserver-53354.database.windows.net",
            "id": "/subscriptions/cd84b16c-9065-4bbb-8544-171b7ed161bf/resourceGroups/KPecevContactsAppRG/providers/Microsoft.Sql/servers/kpecev-contacts-sqlserver-53354",
            "identity": [],
            "location": "westeurope",
            "minimum_tls_version": "1.2",
            "name": "kpecev-contacts-sqlserver-53354",
            "outbound_network_restriction_enabled": false,
            "primary_user_assigned_identity_id": "",
            "public_network_access_enabled": true,
            "resource_group_name": "KPecevContactsAppRG",
            "restorable_dropped_database_ids": [],
            "tags": null,
            "timeouts": null,
            "transparent_data_encryption_key_vault_key_id": "",
            "version": "12.0"
          },
          "sensitive_attributes": [],
          "private": "eyJlMmJmYjczMC1lY2FhLTExZTYtOGY4OC0zNDM2M2JjN2M0YzAiOnsiY3JlYXRlIjozNjAwMDAwMDAwMDAwLCJkZWxldGUiOjM2MDAwMDAwMDAwMDAsInJlYWQiOjMwMDAwMDAwMDAwMCwidXBkYXRlIjozNjAwMDAwMDAwMDAwfX0=",
          "dependencies": [
            "azurerm_resource_group.rg",
            "random_integer.ri"
          ]
        }
      ]
    },
    {
      "mode": "managed",
      "type": "azurerm_resource_group",
      "name": "rg",
      "provider": "provider[\"registry.terraform.io/hashicorp/azurerm\"]",
      "instances": [
        {
          "schema_version": 0,
          "attributes": {
            "id": "/subscriptions/cd84b16c-9065-4bbb-8544-171b7ed161bf/resourceGroups/KPecevContactsAppRG",
            "location": "westeurope",
            "name": "KPecevContactsAppRG",
            "tags": null,
            "timeouts": null
          },
          "sensitive_attributes": [],
          "private": "eyJlMmJmYjczMC1lY2FhLTExZTYtOGY4OC0zNDM2M2JjN2M0YzAiOnsiY3JlYXRlIjo1NDAwMDAwMDAwMDAwLCJkZWxldGUiOjU0MDAwMDAwMDAwMDAsInJlYWQiOjMwMDAwMDAwMDAwMCwidXBkYXRlIjo1NDAwMDAwMDAwMDAwfX0="
        }
      ]
    },
    {
      "mode": "managed",
      "type": "azurerm_service_plan",
      "name": "sp",
      "provider": "provider[\"registry.terraform.io/hashicorp/azurerm\"]",
      "instances": [
        {
          "schema_version": 0,
          "attributes": {
            "app_service_environment_id": "",
            "id": "/subscriptions/cd84b16c-9065-4bbb-8544-171b7ed161bf/resourceGroups/KPecevContactsAppRG/providers/Microsoft.Web/serverfarms/kpecev-contacts-53354",
            "kind": "linux",
            "location": "westeurope",
            "maximum_elastic_worker_count": 1,
            "name": "kpecev-contacts-53354",
            "os_type": "Linux",
            "per_site_scaling_enabled": false,
            "reserved": true,
            "resource_group_name": "KPecevContactsAppRG",
            "sku_name": "F1",
            "tags": null,
            "timeouts": null,
            "worker_count": 1,
            "zone_balancing_enabled": false
          },
          "sensitive_attributes": [],
          "private": "eyJlMmJmYjczMC1lY2FhLTExZTYtOGY4OC0zNDM2M2JjN2M0YzAiOnsiY3JlYXRlIjozNjAwMDAwMDAwMDAwLCJkZWxldGUiOjM2MDAwMDAwMDAwMDAsInJlYWQiOjMwMDAwMDAwMDAwMCwidXBkYXRlIjozNjAwMDAwMDAwMDAwfX0=",
          "dependencies": [
            "azurerm_resource_group.rg",
            "random_integer.ri"
          ]
        }
      ]
    },
    {
      "mode": "managed",
      "type": "random_integer",
      "name": "ri",
      "provider": "provider[\"registry.terraform.io/hashicorp/random\"]",
      "instances": [
        {
          "schema_version": 0,
          "attributes": {
            "id": "53354",
            "keepers": null,
            "max": 99999,
            "min": 10000,
            "result": 53354,
            "seed": null
          },
          "sensitive_attributes": []
        }
      ]
    }
  ],
  "check_results": null
}
